
Microsoft Visual Studio Solution File, Format Version 12.00
Project("{2150E333-8FDC-42A3-9474-1A3956D46DE8}") = "src", "src", "{827E0CD3-B72D-47B6-A68D-7590B98EB39B}"
EndProject
Project("{FAE04EC0-301F-11D3-BF4B-00C04F79EFBC}") = "ProdSight.Api", "src\ProdSight.Api\ProdSight.Api.csproj", "{E6E59394-6330-463B-A5B7-AB5E764E7F28}"
EndProject
Project("{FAE04EC0-301F-11D3-BF4B-00C04F79EFBC}") = "ProdSight.Frontend", "src\ProdSight.Frontend\ProdSight.Frontend.csproj", "{24B9AA95-1CC3-4C48-BF2A-3869306099BD}"
EndProject
Project("{FAE04EC0-301F-11D3-BF4B-00C04F79EFBC}") = "ProdSight.Api.Shared", "src\ProdSight.Api.Shared\ProdSight.Api.Shared.csproj", "{5493B4C7-F50E-4F97-9AB7-C53AF485DD3A}"
EndProject
Project("{FAE04EC0-301F-11D3-BF4B-00C04F79EFBC}") = "ProdSight.Api.Modules.IdentityModule.Domain", "src\ProdSight.Api.Modules\IdentityModule\Domain\ProdSight.Api.Modules.IdentityModule.Domain.csproj", "{B1B2C3D4-E5F6-7890-ABCD-EF1234567891}"
EndProject
Project("{2150E333-8FDC-42A3-9474-1A3956D46DE8}") = "ProdSight.Api.Modules", "ProdSight.Api.Modules", "{8C0F9154-B847-4FC2-9FE7-EA650460F34D}"
EndProject
Project("{2150E333-8FDC-42A3-9474-1A3956D46DE8}") = "IdentityModule", "IdentityModule", "{7C83B322-C3A1-4320-A8EE-6FFFD998ECAA}"
EndProject
Project("{2150E333-8FDC-42A3-9474-1A3956D46DE8}") = "MeasurementModule", "MeasurementModule", "{2D026F92-D9F9-4DD9-8458-DB7D5BB1ED1F}"
EndProject
Project("{FAE04EC0-301F-11D3-BF4B-00C04F79EFBC}") = "ProdSight.Api.Modules.IdentityModule.Application", "src\ProdSight.Api.Modules\IdentityModule\Application\ProdSight.Api.Modules.IdentityModule.Application.csproj", "{1BB4EBFE-C8CA-470C-8293-6E715A8628D4}"
EndProject
Project("{FAE04EC0-301F-11D3-BF4B-00C04F79EFBC}") = "ProdSight.Api.Modules.IdentityModule.Infrastructure", "src\ProdSight.Api.Modules\IdentityModule\Infrastructure\ProdSight.Api.Modules.IdentityModule.Infrastructure.csproj", "{C12A834A-2DE5-4623-AE59-C821E7E0670C}"
EndProject
Project("{FAE04EC0-301F-11D3-BF4B-00C04F79EFBC}") = "ProdSight.Api.Modules.IdentityModule.Composition", "src\ProdSight.Api.Modules\IdentityModule\Composition\ProdSight.Api.Modules.IdentityModule.Composition.csproj", "{4FE1A20C-D420-4069-8BAB-B5E3E2BCAE38}"
EndProject
Project("{FAE04EC0-301F-11D3-BF4B-00C04F79EFBC}") = "ProdSight.Api.Modules.MeasurementModule.Domain", "src\ProdSight.Api.Modules\MeasurementModule\Domain\ProdSight.Api.Modules.MeasurementModule.Domain.csproj", "{6E88F61F-759B-4E04-B4FD-E3F758FB920C}"
EndProject
Project("{FAE04EC0-301F-11D3-BF4B-00C04F79EFBC}") = "ProdSight.Api.Modules.MeasurementModule.Application", "src\ProdSight.Api.Modules\MeasurementModule\Application\ProdSight.Api.Modules.MeasurementModule.Application.csproj", "{F714E079-2C0B-4B45-972D-949909721D17}"
EndProject
Project("{FAE04EC0-301F-11D3-BF4B-00C04F79EFBC}") = "ProdSight.Api.Modules.MeasurementModule.Infrastructure", "src\ProdSight.Api.Modules\MeasurementModule\Infrastructure\ProdSight.Api.Modules.MeasurementModule.Infrastructure.csproj", "{BC208D24-4711-454B-B922-F1F5E0680576}"
EndProject
Project("{FAE04EC0-301F-11D3-BF4B-00C04F79EFBC}") = "ProdSight.Api.Modules.MeasurementModule.Composition", "src\ProdSight.Api.Modules\MeasurementModule\Composition\ProdSight.Api.Modules.MeasurementModule.Composition.csproj", "{97DD0557-BA2A-47DB-8177-06CE757AAE8C}"
EndProject
Project("{FAE04EC0-301F-11D3-BF4B-00C04F79EFBC}") = "ProdSight.Api.Shared.DTOs", "src\ProdSight.Api.Shared.DTOs\ProdSight.Api.Shared.DTOs.csproj", "{48C2AE58-5B82-4D40-A22D-725E6436EB75}"
EndProject
Project("{2150E333-8FDC-42A3-9474-1A3956D46DE8}") = "DocumentsModule", "DocumentsModule", "{D4F1A2B3-C6E7-4F88-9A1B-0C1D2E3F4A5B}"
EndProject
Project("{FAE04EC0-301F-11D3-BF4B-00C04F79EFBC}") = "ProdSight.Api.Modules.DocumentsModule.Domain", "src\ProdSight.Api.Modules\DocumentsModule\Domain\ProdSight.Api.Modules.DocumentsModule.Domain.csproj", "{AA111111-2222-3333-4444-555566667777}"
EndProject
Project("{FAE04EC0-301F-11D3-BF4B-00C04F79EFBC}") = "ProdSight.Api.Modules.DocumentsModule.Application", "src\ProdSight.Api.Modules\DocumentsModule\Application\ProdSight.Api.Modules.DocumentsModule.Application.csproj", "{BB111111-2222-3333-4444-555566668888}"
EndProject
Project("{FAE04EC0-301F-11D3-BF4B-00C04F79EFBC}") = "ProdSight.Api.Modules.DocumentsModule.Infrastructure", "src\ProdSight.Api.Modules\DocumentsModule\Infrastructure\ProdSight.Api.Modules.DocumentsModule.Infrastructure.csproj", "{CC111111-2222-3333-4444-555566669999}"
EndProject
Project("{FAE04EC0-301F-11D3-BF4B-00C04F79EFBC}") = "ProdSight.Api.Modules.DocumentsModule.Composition", "src\ProdSight.Api.Modules\DocumentsModule\Composition\ProdSight.Api.Modules.DocumentsModule.Composition.csproj", "{DD111111-2222-3333-4444-555566660000}"
EndProject
Project("{2150E333-8FDC-42A3-9474-1A3956D46DE8}") = "tests", "tests", "{0AB3BF05-4346-4AA6-1389-037BE0695223}"
EndProject
Project("{FAE04EC0-301F-11D3-BF4B-00C04F79EFBC}") = "ProdSight.Api.Modules.DocumentsModule.Infrastructure.Tests", "tests\ProdSight.Api.Modules.DocumentsModule.Infrastructure.Tests\ProdSight.Api.Modules.DocumentsModule.Infrastructure.Tests.csproj", "{53F657AB-3B22-4F39-91F5-9B3D3E5BFC91}"
EndProject
Global
	GlobalSection(SolutionConfigurationPlatforms) = preSolution
		Debug|Any CPU = Debug|Any CPU
		Debug|x64 = Debug|x64
		Debug|x86 = Debug|x86
		Release|Any CPU = Release|Any CPU
		Release|x64 = Release|x64
		Release|x86 = Release|x86
	EndGlobalSection
	GlobalSection(ProjectConfigurationPlatforms) = postSolution
		{AA111111-2222-3333-4444-555566667777}.Debug|Any CPU.ActiveCfg = Debug|Any CPU
		{AA111111-2222-3333-4444-555566667777}.Debug|Any CPU.Build.0 = Debug|Any CPU
		{AA111111-2222-3333-4444-555566667777}.Debug|x64.ActiveCfg = Debug|Any CPU
		{AA111111-2222-3333-4444-555566667777}.Debug|x64.Build.0 = Debug|Any CPU
		{AA111111-2222-3333-4444-555566667777}.Debug|x86.ActiveCfg = Debug|Any CPU
		{AA111111-2222-3333-4444-555566667777}.Debug|x86.Build.0 = Debug|Any CPU
		{AA111111-2222-3333-4444-555566667777}.Release|Any CPU.ActiveCfg = Release|Any CPU
		{AA111111-2222-3333-4444-555566667777}.Release|Any CPU.Build.0 = Release|Any CPU
		{AA111111-2222-3333-4444-555566667777}.Release|x64.ActiveCfg = Release|Any CPU
		{AA111111-2222-3333-4444-555566667777}.Release|x64.Build.0 = Release|Any CPU
		{AA111111-2222-3333-4444-555566667777}.Release|x86.ActiveCfg = Release|Any CPU
		{AA111111-2222-3333-4444-555566667777}.Release|x86.Build.0 = Release|Any CPU
		{BB111111-2222-3333-4444-555566668888}.Debug|Any CPU.ActiveCfg = Debug|Any CPU
		{BB111111-2222-3333-4444-555566668888}.Debug|Any CPU.Build.0 = Debug|Any CPU
		{BB111111-2222-3333-4444-555566668888}.Debug|x64.ActiveCfg = Debug|Any CPU
		{BB111111-2222-3333-4444-555566668888}.Debug|x64.Build.0 = Debug|Any CPU
		{BB111111-2222-3333-4444-555566668888}.Debug|x86.ActiveCfg = Debug|Any CPU
		{BB111111-2222-3333-4444-555566668888}.Debug|x86.Build.0 = Debug|Any CPU
		{BB111111-2222-3333-4444-555566668888}.Release|Any CPU.ActiveCfg = Release|Any CPU
		{BB111111-2222-3333-4444-555566668888}.Release|Any CPU.Build.0 = Release|Any CPU
		{BB111111-2222-3333-4444-555566668888}.Release|x64.ActiveCfg = Release|Any CPU
		{BB111111-2222-3333-4444-555566668888}.Release|x64.Build.0 = Release|Any CPU
		{BB111111-2222-3333-4444-555566668888}.Release|x86.ActiveCfg = Release|Any CPU
		{BB111111-2222-3333-4444-555566668888}.Release|x86.Build.0 = Release|Any CPU
		{CC111111-2222-3333-4444-555566669999}.Debug|Any CPU.ActiveCfg = Debug|Any CPU
		{CC111111-2222-3333-4444-555566669999}.Debug|Any CPU.Build.0 = Debug|Any CPU
		{CC111111-2222-3333-4444-555566669999}.Debug|x64.ActiveCfg = Debug|Any CPU
		{CC111111-2222-3333-4444-555566669999}.Debug|x64.Build.0 = Debug|Any CPU
		{CC111111-2222-3333-4444-555566669999}.Debug|x86.ActiveCfg = Debug|Any CPU
		{CC111111-2222-3333-4444-555566669999}.Debug|x86.Build.0 = Debug|Any CPU
		{CC111111-2222-3333-4444-555566669999}.Release|Any CPU.ActiveCfg = Release|Any CPU
		{CC111111-2222-3333-4444-555566669999}.Release|Any CPU.Build.0 = Release|Any CPU
		{CC111111-2222-3333-4444-555566669999}.Release|x64.ActiveCfg = Release|Any CPU
		{CC111111-2222-3333-4444-555566669999}.Release|x64.Build.0 = Release|Any CPU
		{CC111111-2222-3333-4444-555566669999}.Release|x86.ActiveCfg = Release|Any CPU
		{CC111111-2222-3333-4444-555566669999}.Release|x86.Build.0 = Release|Any CPU
		{DD111111-2222-3333-4444-555566660000}.Debug|Any CPU.ActiveCfg = Debug|Any CPU
		{DD111111-2222-3333-4444-555566660000}.Debug|Any CPU.Build.0 = Debug|Any CPU
		{DD111111-2222-3333-4444-555566660000}.Debug|x64.ActiveCfg = Debug|Any CPU
		{DD111111-2222-3333-4444-555566660000}.Debug|x64.Build.0 = Debug|Any CPU
		{DD111111-2222-3333-4444-555566660000}.Debug|x86.ActiveCfg = Debug|Any CPU
		{DD111111-2222-3333-4444-555566660000}.Debug|x86.Build.0 = Debug|Any CPU
		{DD111111-2222-3333-4444-555566660000}.Release|Any CPU.ActiveCfg = Release|Any CPU
		{DD111111-2222-3333-4444-555566660000}.Release|Any CPU.Build.0 = Release|Any CPU
		{DD111111-2222-3333-4444-555566660000}.Release|x64.ActiveCfg = Release|Any CPU
		{DD111111-2222-3333-4444-555566660000}.Release|x64.Build.0 = Release|Any CPU
		{DD111111-2222-3333-4444-555566660000}.Release|x86.ActiveCfg = Release|Any CPU
		{DD111111-2222-3333-4444-555566660000}.Release|x86.Build.0 = Release|Any CPU
		{E6E59394-6330-463B-A5B7-AB5E764E7F28}.Debug|Any CPU.ActiveCfg = Debug|Any CPU
		{E6E59394-6330-463B-A5B7-AB5E764E7F28}.Debug|Any CPU.Build.0 = Debug|Any CPU
		{E6E59394-6330-463B-A5B7-AB5E764E7F28}.Debug|x64.ActiveCfg = Debug|Any CPU
		{E6E59394-6330-463B-A5B7-AB5E764E7F28}.Debug|x64.Build.0 = Debug|Any CPU
		{E6E59394-6330-463B-A5B7-AB5E764E7F28}.Debug|x86.ActiveCfg = Debug|Any CPU
		{E6E59394-6330-463B-A5B7-AB5E764E7F28}.Debug|x86.Build.0 = Debug|Any CPU
		{E6E59394-6330-463B-A5B7-AB5E764E7F28}.Release|Any CPU.ActiveCfg = Release|Any CPU
		{E6E59394-6330-463B-A5B7-AB5E764E7F28}.Release|Any CPU.Build.0 = Release|Any CPU
		{E6E59394-6330-463B-A5B7-AB5E764E7F28}.Release|x64.ActiveCfg = Release|Any CPU
		{E6E59394-6330-463B-A5B7-AB5E764E7F28}.Release|x64.Build.0 = Release|Any CPU
		{E6E59394-6330-463B-A5B7-AB5E764E7F28}.Release|x86.ActiveCfg = Release|Any CPU
		{E6E59394-6330-463B-A5B7-AB5E764E7F28}.Release|x86.Build.0 = Release|Any CPU
		{24B9AA95-1CC3-4C48-BF2A-3869306099BD}.Debug|Any CPU.ActiveCfg = Debug|Any CPU
		{24B9AA95-1CC3-4C48-BF2A-3869306099BD}.Debug|Any CPU.Build.0 = Debug|Any CPU
		{24B9AA95-1CC3-4C48-BF2A-3869306099BD}.Debug|x64.ActiveCfg = Debug|Any CPU
		{24B9AA95-1CC3-4C48-BF2A-3869306099BD}.Debug|x64.Build.0 = Debug|Any CPU
		{24B9AA95-1CC3-4C48-BF2A-3869306099BD}.Debug|x86.ActiveCfg = Debug|Any CPU
		{24B9AA95-1CC3-4C48-BF2A-3869306099BD}.Debug|x86.Build.0 = Debug|Any CPU
		{24B9AA95-1CC3-4C48-BF2A-3869306099BD}.Release|Any CPU.ActiveCfg = Release|Any CPU
		{24B9AA95-1CC3-4C48-BF2A-3869306099BD}.Release|Any CPU.Build.0 = Release|Any CPU
		{24B9AA95-1CC3-4C48-BF2A-3869306099BD}.Release|x64.ActiveCfg = Release|Any CPU
		{24B9AA95-1CC3-4C48-BF2A-3869306099BD}.Release|x64.Build.0 = Release|Any CPU
		{24B9AA95-1CC3-4C48-BF2A-3869306099BD}.Release|x86.ActiveCfg = Release|Any CPU
		{24B9AA95-1CC3-4C48-BF2A-3869306099BD}.Release|x86.Build.0 = Release|Any CPU
		{5493B4C7-F50E-4F97-9AB7-C53AF485DD3A}.Debug|Any CPU.ActiveCfg = Debug|Any CPU
		{5493B4C7-F50E-4F97-9AB7-C53AF485DD3A}.Debug|Any CPU.Build.0 = Debug|Any CPU
		{5493B4C7-F50E-4F97-9AB7-C53AF485DD3A}.Debug|x64.ActiveCfg = Debug|Any CPU
		{5493B4C7-F50E-4F97-9AB7-C53AF485DD3A}.Debug|x64.Build.0 = Debug|Any CPU
		{5493B4C7-F50E-4F97-9AB7-C53AF485DD3A}.Debug|x86.ActiveCfg = Debug|Any CPU
		{5493B4C7-F50E-4F97-9AB7-C53AF485DD3A}.Debug|x86.Build.0 = Debug|Any CPU
		{5493B4C7-F50E-4F97-9AB7-C53AF485DD3A}.Release|Any CPU.ActiveCfg = Release|Any CPU
		{5493B4C7-F50E-4F97-9AB7-C53AF485DD3A}.Release|Any CPU.Build.0 = Release|Any CPU
		{5493B4C7-F50E-4F97-9AB7-C53AF485DD3A}.Release|x64.ActiveCfg = Release|Any CPU
		{5493B4C7-F50E-4F97-9AB7-C53AF485DD3A}.Release|x64.Build.0 = Release|Any CPU
		{5493B4C7-F50E-4F97-9AB7-C53AF485DD3A}.Release|x86.ActiveCfg = Release|Any CPU
		{5493B4C7-F50E-4F97-9AB7-C53AF485DD3A}.Release|x86.Build.0 = Release|Any CPU
		{B1B2C3D4-E5F6-7890-ABCD-EF1234567891}.Debug|Any CPU.ActiveCfg = Debug|Any CPU
		{B1B2C3D4-E5F6-7890-ABCD-EF1234567891}.Debug|Any CPU.Build.0 = Debug|Any CPU
		{B1B2C3D4-E5F6-7890-ABCD-EF1234567891}.Debug|x64.ActiveCfg = Debug|Any CPU
		{B1B2C3D4-E5F6-7890-ABCD-EF1234567891}.Debug|x64.Build.0 = Debug|Any CPU
		{B1B2C3D4-E5F6-7890-ABCD-EF1234567891}.Debug|x86.ActiveCfg = Debug|Any CPU
		{B1B2C3D4-E5F6-7890-ABCD-EF1234567891}.Debug|x86.Build.0 = Debug|Any CPU
		{B1B2C3D4-E5F6-7890-ABCD-EF1234567891}.Release|Any CPU.ActiveCfg = Release|Any CPU
		{B1B2C3D4-E5F6-7890-ABCD-EF1234567891}.Release|Any CPU.Build.0 = Release|Any CPU
		{B1B2C3D4-E5F6-7890-ABCD-EF1234567891}.Release|x64.ActiveCfg = Release|Any CPU
		{B1B2C3D4-E5F6-7890-ABCD-EF1234567891}.Release|x64.Build.0 = Release|Any CPU
		{B1B2C3D4-E5F6-7890-ABCD-EF1234567891}.Release|x86.ActiveCfg = Release|Any CPU
		{B1B2C3D4-E5F6-7890-ABCD-EF1234567891}.Release|x86.Build.0 = Release|Any CPU
		{1BB4EBFE-C8CA-470C-8293-6E715A8628D4}.Debug|Any CPU.ActiveCfg = Debug|Any CPU
		{1BB4EBFE-C8CA-470C-8293-6E715A8628D4}.Debug|Any CPU.Build.0 = Debug|Any CPU
		{1BB4EBFE-C8CA-470C-8293-6E715A8628D4}.Debug|x64.ActiveCfg = Debug|Any CPU
		{1BB4EBFE-C8CA-470C-8293-6E715A8628D4}.Debug|x64.Build.0 = Debug|Any CPU
		{1BB4EBFE-C8CA-470C-8293-6E715A8628D4}.Debug|x86.ActiveCfg = Debug|Any CPU
		{1BB4EBFE-C8CA-470C-8293-6E715A8628D4}.Debug|x86.Build.0 = Debug|Any CPU
		{1BB4EBFE-C8CA-470C-8293-6E715A8628D4}.Release|Any CPU.ActiveCfg = Release|Any CPU
		{1BB4EBFE-C8CA-470C-8293-6E715A8628D4}.Release|Any CPU.Build.0 = Release|Any CPU
		{1BB4EBFE-C8CA-470C-8293-6E715A8628D4}.Release|x64.ActiveCfg = Release|Any CPU
		{1BB4EBFE-C8CA-470C-8293-6E715A8628D4}.Release|x64.Build.0 = Release|Any CPU
		{1BB4EBFE-C8CA-470C-8293-6E715A8628D4}.Release|x86.ActiveCfg = Release|Any CPU
		{1BB4EBFE-C8CA-470C-8293-6E715A8628D4}.Release|x86.Build.0 = Release|Any CPU
		{C12A834A-2DE5-4623-AE59-C821E7E0670C}.Debug|Any CPU.ActiveCfg = Debug|Any CPU
		{C12A834A-2DE5-4623-AE59-C821E7E0670C}.Debug|Any CPU.Build.0 = Debug|Any CPU
		{C12A834A-2DE5-4623-AE59-C821E7E0670C}.Debug|x64.ActiveCfg = Debug|Any CPU
		{C12A834A-2DE5-4623-AE59-C821E7E0670C}.Debug|x64.Build.0 = Debug|Any CPU
		{C12A834A-2DE5-4623-AE59-C821E7E0670C}.Debug|x86.ActiveCfg = Debug|Any CPU
		{C12A834A-2DE5-4623-AE59-C821E7E0670C}.Debug|x86.Build.0 = Debug|Any CPU
		{C12A834A-2DE5-4623-AE59-C821E7E0670C}.Release|Any CPU.ActiveCfg = Release|Any CPU
		{C12A834A-2DE5-4623-AE59-C821E7E0670C}.Release|Any CPU.Build.0 = Release|Any CPU
		{C12A834A-2DE5-4623-AE59-C821E7E0670C}.Release|x64.ActiveCfg = Release|Any CPU
		{C12A834A-2DE5-4623-AE59-C821E7E0670C}.Release|x64.Build.0 = Release|Any CPU
		{C12A834A-2DE5-4623-AE59-C821E7E0670C}.Release|x86.ActiveCfg = Release|Any CPU
		{C12A834A-2DE5-4623-AE59-C821E7E0670C}.Release|x86.Build.0 = Release|Any CPU
		{4FE1A20C-D420-4069-8BAB-B5E3E2BCAE38}.Debug|Any CPU.ActiveCfg = Debug|Any CPU
		{4FE1A20C-D420-4069-8BAB-B5E3E2BCAE38}.Debug|Any CPU.Build.0 = Debug|Any CPU
		{4FE1A20C-D420-4069-8BAB-B5E3E2BCAE38}.Debug|x64.ActiveCfg = Debug|Any CPU
		{4FE1A20C-D420-4069-8BAB-B5E3E2BCAE38}.Debug|x64.Build.0 = Debug|Any CPU
		{4FE1A20C-D420-4069-8BAB-B5E3E2BCAE38}.Debug|x86.ActiveCfg = Debug|Any CPU
		{4FE1A20C-D420-4069-8BAB-B5E3E2BCAE38}.Debug|x86.Build.0 = Debug|Any CPU
		{4FE1A20C-D420-4069-8BAB-B5E3E2BCAE38}.Release|Any CPU.ActiveCfg = Release|Any CPU
		{4FE1A20C-D420-4069-8BAB-B5E3E2BCAE38}.Release|Any CPU.Build.0 = Release|Any CPU
		{4FE1A20C-D420-4069-8BAB-B5E3E2BCAE38}.Release|x64.ActiveCfg = Release|Any CPU
		{4FE1A20C-D420-4069-8BAB-B5E3E2BCAE38}.Release|x64.Build.0 = Release|Any CPU
		{4FE1A20C-D420-4069-8BAB-B5E3E2BCAE38}.Release|x86.ActiveCfg = Release|Any CPU
		{4FE1A20C-D420-4069-8BAB-B5E3E2BCAE38}.Release|x86.Build.0 = Release|Any CPU
		{6E88F61F-759B-4E04-B4FD-E3F758FB920C}.Debug|Any CPU.ActiveCfg = Debug|Any CPU
		{6E88F61F-759B-4E04-B4FD-E3F758FB920C}.Debug|Any CPU.Build.0 = Debug|Any CPU
		{6E88F61F-759B-4E04-B4FD-E3F758FB920C}.Debug|x64.ActiveCfg = Debug|Any CPU
		{6E88F61F-759B-4E04-B4FD-E3F758FB920C}.Debug|x64.Build.0 = Debug|Any CPU
		{6E88F61F-759B-4E04-B4FD-E3F758FB920C}.Debug|x86.ActiveCfg = Debug|Any CPU
		{6E88F61F-759B-4E04-B4FD-E3F758FB920C}.Debug|x86.Build.0 = Debug|Any CPU
		{6E88F61F-759B-4E04-B4FD-E3F758FB920C}.Release|Any CPU.ActiveCfg = Release|Any CPU
		{6E88F61F-759B-4E04-B4FD-E3F758FB920C}.Release|Any CPU.Build.0 = Release|Any CPU
		{6E88F61F-759B-4E04-B4FD-E3F758FB920C}.Release|x64.ActiveCfg = Release|Any CPU
		{6E88F61F-759B-4E04-B4FD-E3F758FB920C}.Release|x64.Build.0 = Release|Any CPU
		{6E88F61F-759B-4E04-B4FD-E3F758FB920C}.Release|x86.ActiveCfg = Release|Any CPU
		{6E88F61F-759B-4E04-B4FD-E3F758FB920C}.Release|x86.Build.0 = Release|Any CPU
		{F714E079-2C0B-4B45-972D-949909721D17}.Debug|Any CPU.ActiveCfg = Debug|Any CPU
		{F714E079-2C0B-4B45-972D-949909721D17}.Debug|Any CPU.Build.0 = Debug|Any CPU
		{F714E079-2C0B-4B45-972D-949909721D17}.Debug|x64.ActiveCfg = Debug|Any CPU
		{F714E079-2C0B-4B45-972D-949909721D17}.Debug|x64.Build.0 = Debug|Any CPU
		{F714E079-2C0B-4B45-972D-949909721D17}.Debug|x86.ActiveCfg = Debug|Any CPU
		{F714E079-2C0B-4B45-972D-949909721D17}.Debug|x86.Build.0 = Debug|Any CPU
		{F714E079-2C0B-4B45-972D-949909721D17}.Release|Any CPU.ActiveCfg = Release|Any CPU
		{F714E079-2C0B-4B45-972D-949909721D17}.Release|Any CPU.Build.0 = Release|Any CPU
		{F714E079-2C0B-4B45-972D-949909721D17}.Release|x64.ActiveCfg = Release|Any CPU
		{F714E079-2C0B-4B45-972D-949909721D17}.Release|x64.Build.0 = Release|Any CPU
		{F714E079-2C0B-4B45-972D-949909721D17}.Release|x86.ActiveCfg = Release|Any CPU
		{F714E079-2C0B-4B45-972D-949909721D17}.Release|x86.Build.0 = Release|Any CPU
		{BC208D24-4711-454B-B922-F1F5E0680576}.Debug|Any CPU.ActiveCfg = Debug|Any CPU
		{BC208D24-4711-454B-B922-F1F5E0680576}.Debug|Any CPU.Build.0 = Debug|Any CPU
		{BC208D24-4711-454B-B922-F1F5E0680576}.Debug|x64.ActiveCfg = Debug|Any CPU
		{BC208D24-4711-454B-B922-F1F5E0680576}.Debug|x64.Build.0 = Debug|Any CPU
		{BC208D24-4711-454B-B922-F1F5E0680576}.Debug|x86.ActiveCfg = Debug|Any CPU
		{BC208D24-4711-454B-B922-F1F5E0680576}.Debug|x86.Build.0 = Debug|Any CPU
		{BC208D24-4711-454B-B922-F1F5E0680576}.Release|Any CPU.ActiveCfg = Release|Any CPU
		{BC208D24-4711-454B-B922-F1F5E0680576}.Release|Any CPU.Build.0 = Release|Any CPU
		{BC208D24-4711-454B-B922-F1F5E0680576}.Release|x64.ActiveCfg = Release|Any CPU
		{BC208D24-4711-454B-B922-F1F5E0680576}.Release|x64.Build.0 = Release|Any CPU
		{BC208D24-4711-454B-B922-F1F5E0680576}.Release|x86.ActiveCfg = Release|Any CPU
		{BC208D24-4711-454B-B922-F1F5E0680576}.Release|x86.Build.0 = Release|Any CPU
		{97DD0557-BA2A-47DB-8177-06CE757AAE8C}.Debug|Any CPU.ActiveCfg = Debug|Any CPU
		{97DD0557-BA2A-47DB-8177-06CE757AAE8C}.Debug|Any CPU.Build.0 = Debug|Any CPU
		{97DD0557-BA2A-47DB-8177-06CE757AAE8C}.Debug|x64.ActiveCfg = Debug|Any CPU
		{97DD0557-BA2A-47DB-8177-06CE757AAE8C}.Debug|x64.Build.0 = Debug|Any CPU
		{97DD0557-BA2A-47DB-8177-06CE757AAE8C}.Debug|x86.ActiveCfg = Debug|Any CPU
		{97DD0557-BA2A-47DB-8177-06CE757AAE8C}.Debug|x86.Build.0 = Debug|Any CPU
		{97DD0557-BA2A-47DB-8177-06CE757AAE8C}.Release|Any CPU.ActiveCfg = Release|Any CPU
		{97DD0557-BA2A-47DB-8177-06CE757AAE8C}.Release|Any CPU.Build.0 = Release|Any CPU
		{97DD0557-BA2A-47DB-8177-06CE757AAE8C}.Release|x64.ActiveCfg = Release|Any CPU
		{97DD0557-BA2A-47DB-8177-06CE757AAE8C}.Release|x64.Build.0 = Release|Any CPU
		{97DD0557-BA2A-47DB-8177-06CE757AAE8C}.Release|x86.ActiveCfg = Release|Any CPU
		{97DD0557-BA2A-47DB-8177-06CE757AAE8C}.Release|x86.Build.0 = Release|Any CPU
		{48C2AE58-5B82-4D40-A22D-725E6436EB75}.Debug|Any CPU.ActiveCfg = Debug|Any CPU
		{48C2AE58-5B82-4D40-A22D-725E6436EB75}.Debug|Any CPU.Build.0 = Debug|Any CPU
		{48C2AE58-5B82-4D40-A22D-725E6436EB75}.Debug|x64.ActiveCfg = Debug|Any CPU
		{48C2AE58-5B82-4D40-A22D-725E6436EB75}.Debug|x64.Build.0 = Debug|Any CPU
		{48C2AE58-5B82-4D40-A22D-725E6436EB75}.Debug|x86.ActiveCfg = Debug|Any CPU
		{48C2AE58-5B82-4D40-A22D-725E6436EB75}.Debug|x86.Build.0 = Debug|Any CPU
		{48C2AE58-5B82-4D40-A22D-725E6436EB75}.Release|Any CPU.ActiveCfg = Release|Any CPU
		{48C2AE58-5B82-4D40-A22D-725E6436EB75}.Release|Any CPU.Build.0 = Release|Any CPU
		{48C2AE58-5B82-4D40-A22D-725E6436EB75}.Release|x64.ActiveCfg = Release|Any CPU
		{48C2AE58-5B82-4D40-A22D-725E6436EB75}.Release|x64.Build.0 = Release|Any CPU
		{48C2AE58-5B82-4D40-A22D-725E6436EB75}.Release|x86.ActiveCfg = Release|Any CPU
		{48C2AE58-5B82-4D40-A22D-725E6436EB75}.Release|x86.Build.0 = Release|Any CPU
		{53F657AB-3B22-4F39-91F5-9B3D3E5BFC91}.Debug|Any CPU.ActiveCfg = Debug|Any CPU
		{53F657AB-3B22-4F39-91F5-9B3D3E5BFC91}.Debug|Any CPU.Build.0 = Debug|Any CPU
		{53F657AB-3B22-4F39-91F5-9B3D3E5BFC91}.Debug|x64.ActiveCfg = Debug|Any CPU
		{53F657AB-3B22-4F39-91F5-9B3D3E5BFC91}.Debug|x64.Build.0 = Debug|Any CPU
		{53F657AB-3B22-4F39-91F5-9B3D3E5BFC91}.Debug|x86.ActiveCfg = Debug|Any CPU
		{53F657AB-3B22-4F39-91F5-9B3D3E5BFC91}.Debug|x86.Build.0 = Debug|Any CPU
		{53F657AB-3B22-4F39-91F5-9B3D3E5BFC91}.Release|Any CPU.ActiveCfg = Release|Any CPU
		{53F657AB-3B22-4F39-91F5-9B3D3E5BFC91}.Release|Any CPU.Build.0 = Release|Any CPU
		{53F657AB-3B22-4F39-91F5-9B3D3E5BFC91}.Release|x64.ActiveCfg = Release|Any CPU
		{53F657AB-3B22-4F39-91F5-9B3D3E5BFC91}.Release|x64.Build.0 = Release|Any CPU
		{53F657AB-3B22-4F39-91F5-9B3D3E5BFC91}.Release|x86.ActiveCfg = Release|Any CPU
		{53F657AB-3B22-4F39-91F5-9B3D3E5BFC91}.Release|x86.Build.0 = Release|Any CPU
	EndGlobalSection
	GlobalSection(SolutionProperties) = preSolution
		HideSolutionNode = FALSE
	EndGlobalSection
	GlobalSection(NestedProjects) = preSolution
		{E6E59394-6330-463B-A5B7-AB5E764E7F28} = {827E0CD3-B72D-47B6-A68D-7590B98EB39B}
		{24B9AA95-1CC3-4C48-BF2A-3869306099BD} = {827E0CD3-B72D-47B6-A68D-7590B98EB39B}
		{5493B4C7-F50E-4F97-9AB7-C53AF485DD3A} = {827E0CD3-B72D-47B6-A68D-7590B98EB39B}
		{B1B2C3D4-E5F6-7890-ABCD-EF1234567891} = {7C83B322-C3A1-4320-A8EE-6FFFD998ECAA}
		{8C0F9154-B847-4FC2-9FE7-EA650460F34D} = {827E0CD3-B72D-47B6-A68D-7590B98EB39B}
		{7C83B322-C3A1-4320-A8EE-6FFFD998ECAA} = {8C0F9154-B847-4FC2-9FE7-EA650460F34D}
		{2D026F92-D9F9-4DD9-8458-DB7D5BB1ED1F} = {8C0F9154-B847-4FC2-9FE7-EA650460F34D}
		{1BB4EBFE-C8CA-470C-8293-6E715A8628D4} = {7C83B322-C3A1-4320-A8EE-6FFFD998ECAA}
		{C12A834A-2DE5-4623-AE59-C821E7E0670C} = {7C83B322-C3A1-4320-A8EE-6FFFD998ECAA}
		{4FE1A20C-D420-4069-8BAB-B5E3E2BCAE38} = {7C83B322-C3A1-4320-A8EE-6FFFD998ECAA}
		{6E88F61F-759B-4E04-B4FD-E3F758FB920C} = {2D026F92-D9F9-4DD9-8458-DB7D5BB1ED1F}
		{F714E079-2C0B-4B45-972D-949909721D17} = {2D026F92-D9F9-4DD9-8458-DB7D5BB1ED1F}
		{BC208D24-4711-454B-B922-F1F5E0680576} = {2D026F92-D9F9-4DD9-8458-DB7D5BB1ED1F}
		{97DD0557-BA2A-47DB-8177-06CE757AAE8C} = {2D026F92-D9F9-4DD9-8458-DB7D5BB1ED1F}
		{48C2AE58-5B82-4D40-A22D-725E6436EB75} = {827E0CD3-B72D-47B6-A68D-7590B98EB39B}
		{D4F1A2B3-C6E7-4F88-9A1B-0C1D2E3F4A5B} = {8C0F9154-B847-4FC2-9FE7-EA650460F34D}
		{AA111111-2222-3333-4444-555566667777} = {D4F1A2B3-C6E7-4F88-9A1B-0C1D2E3F4A5B}
		{BB111111-2222-3333-4444-555566668888} = {D4F1A2B3-C6E7-4F88-9A1B-0C1D2E3F4A5B}
		{CC111111-2222-3333-4444-555566669999} = {D4F1A2B3-C6E7-4F88-9A1B-0C1D2E3F4A5B}
		{DD111111-2222-3333-4444-555566660000} = {D4F1A2B3-C6E7-4F88-9A1B-0C1D2E3F4A5B}
		{53F657AB-3B22-4F39-91F5-9B3D3E5BFC91} = {0AB3BF05-4346-4AA6-1389-037BE0695223}
	EndGlobalSection
EndGlobal
