
Microsoft Visual Studio Solution File, Format Version 12.00
Project("{2150E333-8FDC-42A3-9474-1A3956D46DE8}") = "src", "src", "{827E0CD3-B72D-47B6-A68D-7590B98EB39B}"
EndProject
Project("{FAE04EC0-301F-11D3-BF4B-00C04F79EFBC}") = "ProdSight.Api", "src\ProdSight.Api\ProdSight.Api.csproj", "{E6E59394-6330-463B-A5B7-AB5E764E7F28}"
EndProject
Project("{FAE04EC0-301F-11D3-BF4B-00C04F79EFBC}") = "ProdSight.Frontend", "src\ProdSight.Frontend\ProdSight.Frontend.csproj", "{24B9AA95-1CC3-4C48-BF2A-3869306099BD}"
EndProject
Project("{FAE04EC0-301F-11D3-BF4B-00C04F79EFBC}") = "ProdSight.Api.Shared", "src\ProdSight.Api.Shared\ProdSight.Api.Shared.csproj", "{5493B4C7-F50E-4F97-9AB7-C53AF485DD3A}"
EndProject
Project("{FAE04EC0-301F-11D3-BF4B-00C04F79EFBC}") = "ProdSight.Api.Modules.MeasurementModule.Domain", "src\ProdSight.Api.Modules\MeasurementModule\Domain\ProdSight.Api.Modules.MeasurementModule.Domain.csproj", "{00000000-0000-0000-0000-000000000000}"
EndProject
Project("{FAE04EC0-301F-11D3-BF4B-00C04F79EFBC}") = "ProdSight.Api.Modules.MeasurementModule.Application", "src\ProdSight.Api.Modules\MeasurementModule\Application\ProdSight.Api.Modules.MeasurementModule.Application.csproj", "{00000000-0000-0000-0000-000000000000}"
EndProject
Project("{FAE04EC0-301F-11D3-BF4B-00C04F79EFBC}") = "ProdSight.Api.Modules.MeasurementModule.Infrastructure", "src\ProdSight.Api.Modules\MeasurementModule\Infrastructure\ProdSight.Api.Modules.MeasurementModule.Infrastructure.csproj", "{00000000-0000-0000-0000-000000000000}"
EndProject
Project("{FAE04EC0-301F-11D3-BF4B-00C04F79EFBC}") = "ProdSight.Api.Modules.MeasurementModule.Presentation", "src\ProdSight.Api.Modules\MeasurementModule\Presentation\ProdSight.Api.Modules.MeasurementModule.Presentation.csproj", "{00000000-0000-0000-0000-000000000000}"
EndProject
Project("{FAE04EC0-301F-11D3-BF4B-00C04F79EFBC}") = "ProdSight.Api.Modules.IdentityModule.Domain", "src\ProdSight.Api.Modules\IdentityModule\Domain\ProdSight.Api.Modules.IdentityModule.Domain.csproj", "{B1B2C3D4-E5F6-7890-ABCD-EF1234567891}"
EndProject
Project("{FAE04EC0-301F-11D3-BF4B-00C04F79EFBC}") = "ProdSight.Api.Modules.IdentityModule.Application", "src\ProdSight.Api.Modules\IdentityModule\Application\ProdSight.Api.Modules.IdentityModule.Application.csproj", "{00000000-0000-0000-0000-000000000000}"
EndProject
Project("{FAE04EC0-301F-11D3-BF4B-00C04F79EFBC}") = "ProdSight.Api.Modules.IdentityModule.Infrastructure", "src\ProdSight.Api.Modules\IdentityModule\Infrastructure\ProdSight.Api.Modules.IdentityModule.Infrastructure.csproj", "{00000000-0000-0000-0000-000000000000}"
EndProject
Project("{FAE04EC0-301F-11D3-BF4B-00C04F79EFBC}") = "ProdSight.Api.Modules.IdentityModule.Presentation", "src\ProdSight.Api.Modules\IdentityModule\Presentation\ProdSight.Api.Modules.IdentityModule.Presentation.csproj", "{00000000-0000-0000-0000-000000000000}"
EndProject
Project("{2150E333-8FDC-42A3-9474-1A3956D46DE8}") = "ProdSight.Api.Modules", "ProdSight.Api.Modules", "{8C0F9154-B847-4FC2-9FE7-EA650460F34D}"
EndProject
Project("{2150E333-8FDC-42A3-9474-1A3956D46DE8}") = "IdentityModule", "IdentityModule", "{7C83B322-C3A1-4320-A8EE-6FFFD998ECAA}"
EndProject
Project("{2150E333-8FDC-42A3-9474-1A3956D46DE8}") = "MeasurementModule", "MeasurementModule", "{2D026F92-D9F9-4DD9-8458-DB7D5BB1ED1F}"
EndProject
Global
	GlobalSection(SolutionConfigurationPlatforms) = preSolution
		Debug|Any CPU = Debug|Any CPU
		Debug|x64 = Debug|x64
		Debug|x86 = Debug|x86
		Release|Any CPU = Release|Any CPU
		Release|x64 = Release|x64
		Release|x86 = Release|x86
	EndGlobalSection
	GlobalSection(ProjectConfigurationPlatforms) = postSolution
		{E6E59394-6330-463B-A5B7-AB5E764E7F28}.Debug|Any CPU.ActiveCfg = Debug|Any CPU
		{E6E59394-6330-463B-A5B7-AB5E764E7F28}.Debug|Any CPU.Build.0 = Debug|Any CPU
		{E6E59394-6330-463B-A5B7-AB5E764E7F28}.Debug|x64.ActiveCfg = Debug|Any CPU
		{E6E59394-6330-463B-A5B7-AB5E764E7F28}.Debug|x64.Build.0 = Debug|Any CPU
		{E6E59394-6330-463B-A5B7-AB5E764E7F28}.Debug|x86.ActiveCfg = Debug|Any CPU
		{E6E59394-6330-463B-A5B7-AB5E764E7F28}.Debug|x86.Build.0 = Debug|Any CPU
		{E6E59394-6330-463B-A5B7-AB5E764E7F28}.Release|Any CPU.ActiveCfg = Release|Any CPU
		{E6E59394-6330-463B-A5B7-AB5E764E7F28}.Release|Any CPU.Build.0 = Release|Any CPU
		{E6E59394-6330-463B-A5B7-AB5E764E7F28}.Release|x64.ActiveCfg = Release|Any CPU
		{E6E59394-6330-463B-A5B7-AB5E764E7F28}.Release|x64.Build.0 = Release|Any CPU
		{E6E59394-6330-463B-A5B7-AB5E764E7F28}.Release|x86.ActiveCfg = Release|Any CPU
		{E6E59394-6330-463B-A5B7-AB5E764E7F28}.Release|x86.Build.0 = Release|Any CPU
		{24B9AA95-1CC3-4C48-BF2A-3869306099BD}.Debug|Any CPU.ActiveCfg = Debug|Any CPU
		{24B9AA95-1CC3-4C48-BF2A-3869306099BD}.Debug|Any CPU.Build.0 = Debug|Any CPU
		{24B9AA95-1CC3-4C48-BF2A-3869306099BD}.Debug|x64.ActiveCfg = Debug|Any CPU
		{24B9AA95-1CC3-4C48-BF2A-3869306099BD}.Debug|x64.Build.0 = Debug|Any CPU
		{24B9AA95-1CC3-4C48-BF2A-3869306099BD}.Debug|x86.ActiveCfg = Debug|Any CPU
		{24B9AA95-1CC3-4C48-BF2A-3869306099BD}.Debug|x86.Build.0 = Debug|Any CPU
		{24B9AA95-1CC3-4C48-BF2A-3869306099BD}.Release|Any CPU.ActiveCfg = Release|Any CPU
		{24B9AA95-1CC3-4C48-BF2A-3869306099BD}.Release|Any CPU.Build.0 = Release|Any CPU
		{24B9AA95-1CC3-4C48-BF2A-3869306099BD}.Release|x64.ActiveCfg = Release|Any CPU
		{24B9AA95-1CC3-4C48-BF2A-3869306099BD}.Release|x64.Build.0 = Release|Any CPU
		{24B9AA95-1CC3-4C48-BF2A-3869306099BD}.Release|x86.ActiveCfg = Release|Any CPU
		{24B9AA95-1CC3-4C48-BF2A-3869306099BD}.Release|x86.Build.0 = Release|Any CPU
		{5493B4C7-F50E-4F97-9AB7-C53AF485DD3A}.Debug|Any CPU.ActiveCfg = Debug|Any CPU
		{5493B4C7-F50E-4F97-9AB7-C53AF485DD3A}.Debug|Any CPU.Build.0 = Debug|Any CPU
		{5493B4C7-F50E-4F97-9AB7-C53AF485DD3A}.Debug|x64.ActiveCfg = Debug|Any CPU
		{5493B4C7-F50E-4F97-9AB7-C53AF485DD3A}.Debug|x64.Build.0 = Debug|Any CPU
		{5493B4C7-F50E-4F97-9AB7-C53AF485DD3A}.Debug|x86.ActiveCfg = Debug|Any CPU
		{5493B4C7-F50E-4F97-9AB7-C53AF485DD3A}.Debug|x86.Build.0 = Debug|Any CPU
		{5493B4C7-F50E-4F97-9AB7-C53AF485DD3A}.Release|Any CPU.ActiveCfg = Release|Any CPU
		{5493B4C7-F50E-4F97-9AB7-C53AF485DD3A}.Release|Any CPU.Build.0 = Release|Any CPU
		{5493B4C7-F50E-4F97-9AB7-C53AF485DD3A}.Release|x64.ActiveCfg = Release|Any CPU
		{5493B4C7-F50E-4F97-9AB7-C53AF485DD3A}.Release|x64.Build.0 = Release|Any CPU
		{5493B4C7-F50E-4F97-9AB7-C53AF485DD3A}.Release|x86.ActiveCfg = Release|Any CPU
		{5493B4C7-F50E-4F97-9AB7-C53AF485DD3A}.Release|x86.Build.0 = Release|Any CPU
		{B1B2C3D4-E5F6-7890-ABCD-EF1234567891}.Debug|Any CPU.ActiveCfg = Debug|Any CPU
		{B1B2C3D4-E5F6-7890-ABCD-EF1234567891}.Debug|Any CPU.Build.0 = Debug|Any CPU
		{B1B2C3D4-E5F6-7890-ABCD-EF1234567891}.Debug|x64.ActiveCfg = Debug|Any CPU
		{B1B2C3D4-E5F6-7890-ABCD-EF1234567891}.Debug|x64.Build.0 = Debug|Any CPU
		{B1B2C3D4-E5F6-7890-ABCD-EF1234567891}.Debug|x86.ActiveCfg = Debug|Any CPU
		{B1B2C3D4-E5F6-7890-ABCD-EF1234567891}.Debug|x86.Build.0 = Debug|Any CPU
		{B1B2C3D4-E5F6-7890-ABCD-EF1234567891}.Release|Any CPU.ActiveCfg = Release|Any CPU
		{B1B2C3D4-E5F6-7890-ABCD-EF1234567891}.Release|Any CPU.Build.0 = Release|Any CPU
		{B1B2C3D4-E5F6-7890-ABCD-EF1234567891}.Release|x64.ActiveCfg = Release|Any CPU
		{B1B2C3D4-E5F6-7890-ABCD-EF1234567891}.Release|x64.Build.0 = Release|Any CPU
		{B1B2C3D4-E5F6-7890-ABCD-EF1234567891}.Release|x86.ActiveCfg = Release|Any CPU
		{B1B2C3D4-E5F6-7890-ABCD-EF1234567891}.Release|x86.Build.0 = Release|Any CPU
		{C2C3D4E5-F6G7-8901-BCDE-F23456789012}.Debug|Any CPU.ActiveCfg = Debug|Any CPU
		{C2C3D4E5-F6G7-8901-BCDE-F23456789012}.Debug|Any CPU.Build.0 = Debug|Any CPU
		{C2C3D4E5-F6G7-8901-BCDE-F23456789012}.Debug|x64.ActiveCfg = Debug|Any CPU
		{C2C3D4E5-F6G7-8901-BCDE-F23456789012}.Debug|x64.Build.0 = Debug|Any CPU
		{C2C3D4E5-F6G7-8901-BCDE-F23456789012}.Debug|x86.ActiveCfg = Debug|Any CPU
		{C2C3D4E5-F6G7-8901-BCDE-F23456789012}.Debug|x86.Build.0 = Debug|Any CPU
		{C2C3D4E5-F6G7-8901-BCDE-F23456789012}.Release|Any CPU.ActiveCfg = Release|Any CPU
		{C2C3D4E5-F6G7-8901-BCDE-F23456789012}.Release|Any CPU.Build.0 = Release|Any CPU
		{C2C3D4E5-F6G7-8901-BCDE-F23456789012}.Release|x64.ActiveCfg = Release|Any CPU
		{C2C3D4E5-F6G7-8901-BCDE-F23456789012}.Release|x64.Build.0 = Release|Any CPU
		{C2C3D4E5-F6G7-8901-BCDE-F23456789012}.Release|x86.ActiveCfg = Release|Any CPU
		{C2C3D4E5-F6G7-8901-BCDE-F23456789012}.Release|x86.Build.0 = Release|Any CPU
		{D3D4E5F6-G7H8-9012-CDEF-G34567890123}.Debug|Any CPU.ActiveCfg = Debug|Any CPU
		{D3D4E5F6-G7H8-9012-CDEF-G34567890123}.Debug|Any CPU.Build.0 = Debug|Any CPU
		{D3D4E5F6-G7H8-9012-CDEF-G34567890123}.Debug|x64.ActiveCfg = Debug|Any CPU
		{D3D4E5F6-G7H8-9012-CDEF-G34567890123}.Debug|x64.Build.0 = Debug|Any CPU
		{D3D4E5F6-G7H8-9012-CDEF-G34567890123}.Debug|x86.ActiveCfg = Debug|Any CPU
		{D3D4E5F6-G7H8-9012-CDEF-G34567890123}.Debug|x86.Build.0 = Debug|Any CPU
		{D3D4E5F6-G7H8-9012-CDEF-G34567890123}.Release|Any CPU.ActiveCfg = Release|Any CPU
		{D3D4E5F6-G7H8-9012-CDEF-G34567890123}.Release|Any CPU.Build.0 = Release|Any CPU
		{D3D4E5F6-G7H8-9012-CDEF-G34567890123}.Release|x64.ActiveCfg = Release|Any CPU
		{D3D4E5F6-G7H8-9012-CDEF-G34567890123}.Release|x64.Build.0 = Release|Any CPU
		{D3D4E5F6-G7H8-9012-CDEF-G34567890123}.Release|x86.ActiveCfg = Release|Any CPU
		{D3D4E5F6-G7H8-9012-CDEF-G34567890123}.Release|x86.Build.0 = Release|Any CPU
		{E4E5F6G7-H8I9-0123-DEF0-H45678901234}.Debug|Any CPU.ActiveCfg = Debug|Any CPU
		{E4E5F6G7-H8I9-0123-DEF0-H45678901234}.Debug|Any CPU.Build.0 = Debug|Any CPU
		{E4E5F6G7-H8I9-0123-DEF0-H45678901234}.Debug|x64.ActiveCfg = Debug|Any CPU
		{E4E5F6G7-H8I9-0123-DEF0-H45678901234}.Debug|x64.Build.0 = Debug|Any CPU
		{E4E5F6G7-H8I9-0123-DEF0-H45678901234}.Debug|x86.ActiveCfg = Debug|Any CPU
		{E4E5F6G7-H8I9-0123-DEF0-H45678901234}.Debug|x86.Build.0 = Debug|Any CPU
		{E4E5F6G7-H8I9-0123-DEF0-H45678901234}.Release|Any CPU.ActiveCfg = Release|Any CPU
		{E4E5F6G7-H8I9-0123-DEF0-H45678901234}.Release|Any CPU.Build.0 = Release|Any CPU
		{E4E5F6G7-H8I9-0123-DEF0-H45678901234}.Release|x64.ActiveCfg = Release|Any CPU
		{E4E5F6G7-H8I9-0123-DEF0-H45678901234}.Release|x64.Build.0 = Release|Any CPU
		{E4E5F6G7-H8I9-0123-DEF0-H45678901234}.Release|x86.ActiveCfg = Release|Any CPU
		{E4E5F6G7-H8I9-0123-DEF0-H45678901234}.Release|x86.Build.0 = Release|Any CPU
		{F1F2G3H4-I5J6-7890-KLMN-OP123456789A}.Debug|Any CPU.ActiveCfg = Debug|Any CPU
		{F1F2G3H4-I5J6-7890-KLMN-OP123456789A}.Debug|Any CPU.Build.0 = Debug|Any CPU
		{F1F2G3H4-I5J6-7890-KLMN-OP123456789A}.Debug|x64.ActiveCfg = Debug|Any CPU
		{F1F2G3H4-I5J6-7890-KLMN-OP123456789A}.Debug|x64.Build.0 = Debug|Any CPU
		{F1F2G3H4-I5J6-7890-KLMN-OP123456789A}.Debug|x86.ActiveCfg = Debug|Any CPU
		{F1F2G3H4-I5J6-7890-KLMN-OP123456789A}.Debug|x86.Build.0 = Debug|Any CPU
		{F1F2G3H4-I5J6-7890-KLMN-OP123456789A}.Release|Any CPU.ActiveCfg = Release|Any CPU
		{F1F2G3H4-I5J6-7890-KLMN-OP123456789A}.Release|Any CPU.Build.0 = Release|Any CPU
		{F1F2G3H4-I5J6-7890-KLMN-OP123456789A}.Release|x64.ActiveCfg = Release|Any CPU
		{F1F2G3H4-I5J6-7890-KLMN-OP123456789A}.Release|x64.Build.0 = Release|Any CPU
		{F1F2G3H4-I5J6-7890-KLMN-OP123456789A}.Release|x86.ActiveCfg = Release|Any CPU
		{F1F2G3H4-I5J6-7890-KLMN-OP123456789A}.Release|x86.Build.0 = Release|Any CPU
		{G2G3H4I5-J6K7-8901-LMNO-PQ234567890B}.Debug|Any CPU.ActiveCfg = Debug|Any CPU
		{G2G3H4I5-J6K7-8901-LMNO-PQ234567890B}.Debug|Any CPU.Build.0 = Debug|Any CPU
		{G2G3H4I5-J6K7-8901-LMNO-PQ234567890B}.Debug|x64.ActiveCfg = Debug|Any CPU
		{G2G3H4I5-J6K7-8901-LMNO-PQ234567890B}.Debug|x64.Build.0 = Debug|Any CPU
		{G2G3H4I5-J6K7-8901-LMNO-PQ234567890B}.Debug|x86.ActiveCfg = Debug|Any CPU
		{G2G3H4I5-J6K7-8901-LMNO-PQ234567890B}.Debug|x86.Build.0 = Debug|Any CPU
		{G2G3H4I5-J6K7-8901-LMNO-PQ234567890B}.Release|Any CPU.ActiveCfg = Release|Any CPU
		{G2G3H4I5-J6K7-8901-LMNO-PQ234567890B}.Release|Any CPU.Build.0 = Release|Any CPU
		{G2G3H4I5-J6K7-8901-LMNO-PQ234567890B}.Release|x64.ActiveCfg = Release|Any CPU
		{G2G3H4I5-J6K7-8901-LMNO-PQ234567890B}.Release|x64.Build.0 = Release|Any CPU
		{G2G3H4I5-J6K7-8901-LMNO-PQ234567890B}.Release|x86.ActiveCfg = Release|Any CPU
		{G2G3H4I5-J6K7-8901-LMNO-PQ234567890B}.Release|x86.Build.0 = Release|Any CPU
		{H3H4I5J6-K7L8-9012-MNOP-QR345678901C}.Debug|Any CPU.ActiveCfg = Debug|Any CPU
		{H3H4I5J6-K7L8-9012-MNOP-QR345678901C}.Debug|Any CPU.Build.0 = Debug|Any CPU
		{H3H4I5J6-K7L8-9012-MNOP-QR345678901C}.Debug|x64.ActiveCfg = Debug|Any CPU
		{H3H4I5J6-K7L8-9012-MNOP-QR345678901C}.Debug|x64.Build.0 = Debug|Any CPU
		{H3H4I5J6-K7L8-9012-MNOP-QR345678901C}.Debug|x86.ActiveCfg = Debug|Any CPU
		{H3H4I5J6-K7L8-9012-MNOP-QR345678901C}.Debug|x86.Build.0 = Debug|Any CPU
		{H3H4I5J6-K7L8-9012-MNOP-QR345678901C}.Release|Any CPU.ActiveCfg = Release|Any CPU
		{H3H4I5J6-K7L8-9012-MNOP-QR345678901C}.Release|Any CPU.Build.0 = Release|Any CPU
		{H3H4I5J6-K7L8-9012-MNOP-QR345678901C}.Release|x64.ActiveCfg = Release|Any CPU
		{H3H4I5J6-K7L8-9012-MNOP-QR345678901C}.Release|x64.Build.0 = Release|Any CPU
		{H3H4I5J6-K7L8-9012-MNOP-QR345678901C}.Release|x86.ActiveCfg = Release|Any CPU
		{H3H4I5J6-K7L8-9012-MNOP-QR345678901C}.Release|x86.Build.0 = Release|Any CPU
		{I4I5J6K7-L8M9-0123-NOPQ-RS456789012D}.Debug|Any CPU.ActiveCfg = Debug|Any CPU
		{I4I5J6K7-L8M9-0123-NOPQ-RS456789012D}.Debug|Any CPU.Build.0 = Debug|Any CPU
		{I4I5J6K7-L8M9-0123-NOPQ-RS456789012D}.Debug|x64.ActiveCfg = Debug|Any CPU
		{I4I5J6K7-L8M9-0123-NOPQ-RS456789012D}.Debug|x64.Build.0 = Debug|Any CPU
		{I4I5J6K7-L8M9-0123-NOPQ-RS456789012D}.Debug|x86.ActiveCfg = Debug|Any CPU
		{I4I5J6K7-L8M9-0123-NOPQ-RS456789012D}.Debug|x86.Build.0 = Debug|Any CPU
		{I4I5J6K7-L8M9-0123-NOPQ-RS456789012D}.Release|Any CPU.ActiveCfg = Release|Any CPU
		{I4I5J6K7-L8M9-0123-NOPQ-RS456789012D}.Release|Any CPU.Build.0 = Release|Any CPU
		{I4I5J6K7-L8M9-0123-NOPQ-RS456789012D}.Release|x64.ActiveCfg = Release|Any CPU
		{I4I5J6K7-L8M9-0123-NOPQ-RS456789012D}.Release|x64.Build.0 = Release|Any CPU
		{I4I5J6K7-L8M9-0123-NOPQ-RS456789012D}.Release|x86.ActiveCfg = Release|Any CPU
		{I4I5J6K7-L8M9-0123-NOPQ-RS456789012D}.Release|x86.Build.0 = Release|Any CPU
	EndGlobalSection
	GlobalSection(SolutionProperties) = preSolution
		HideSolutionNode = FALSE
	EndGlobalSection
	GlobalSection(NestedProjects) = preSolution
		{E6E59394-6330-463B-A5B7-AB5E764E7F28} = {827E0CD3-B72D-47B6-A68D-7590B98EB39B}
		{24B9AA95-1CC3-4C48-BF2A-3869306099BD} = {827E0CD3-B72D-47B6-A68D-7590B98EB39B}
		{5493B4C7-F50E-4F97-9AB7-C53AF485DD3A} = {827E0CD3-B72D-47B6-A68D-7590B98EB39B}
		{C2C3D4E5-F6G7-8901-BCDE-F23456789012} = {827E0CD3-B72D-47B6-A68D-7590B98EB39B}
		{D3D4E5F6-G7H8-9012-CDEF-G34567890123} = {827E0CD3-B72D-47B6-A68D-7590B98EB39B}
		{E4E5F6G7-H8I9-0123-DEF0-H45678901234} = {827E0CD3-B72D-47B6-A68D-7590B98EB39B}
		{F1F2G3H4-I5J6-7890-KLMN-OP123456789A} = {827E0CD3-B72D-47B6-A68D-7590B98EB39B}
		{G2G3H4I5-J6K7-8901-LMNO-PQ234567890B} = {827E0CD3-B72D-47B6-A68D-7590B98EB39B}
		{H3H4I5J6-K7L8-9012-MNOP-QR345678901C} = {827E0CD3-B72D-47B6-A68D-7590B98EB39B}
		{I4I5J6K7-L8M9-0123-NOPQ-RS456789012D} = {827E0CD3-B72D-47B6-A68D-7590B98EB39B}
		{8C0F9154-B847-4FC2-9FE7-EA650460F34D} = {827E0CD3-B72D-47B6-A68D-7590B98EB39B}
		{7C83B322-C3A1-4320-A8EE-6FFFD998ECAA} = {8C0F9154-B847-4FC2-9FE7-EA650460F34D}
		{B1B2C3D4-E5F6-7890-ABCD-EF1234567891} = {7C83B322-C3A1-4320-A8EE-6FFFD998ECAA}
		{2D026F92-D9F9-4DD9-8458-DB7D5BB1ED1F} = {8C0F9154-B847-4FC2-9FE7-EA650460F34D}
		{00000000-0000-0000-0000-000000000000} = {2D026F92-D9F9-4DD9-8458-DB7D5BB1ED1F}
	EndGlobalSection
EndGlobal
